dependencies:
  espressif/led_strip:
    component_hash: 16ff4d03414dbb63aa38a3cfd4c1dd9babcf9afef5578f1598295240a2c8afad
    source:
      service_url: https://api.components.espressif.com/
      type: service
    version: 2.3.2
  idf:
    component_hash: null
    source:
      type: idf
    version: 5.0.2
manifest_hash: 4fd15b4b944bf04d9ce7765d5cb4d2cb5d6b7b4fb8d4c44373c5c2e24b543522
target: esp32s3
version: 1.0.0
